
Microsoft Visual Studio Solution File, Format Version 12.00
# Visual Studio 15
VisualStudioVersion = 15.0.28307.572
MinimumVisualStudioVersion = 10.0.40219.1
Project("{FAE04EC0-301F-11D3-BF4B-00C04F79EFBC}") = "SportStore", "SportStore\SportStore.csproj", "{7489212F-7841-484A-BD1D-621E406CAC8B}"
EndProject
Global
	GlobalSection(SolutionConfigurationPlatforms) = preSolution
		Debug|Any CPU = Debug|Any CPU
		Release|Any CPU = Release|Any CPU
	EndGlobalSection
	GlobalSection(ProjectConfigurationPlatforms) = postSolution
		{7489212F-7841-484A-BD1D-621E406CAC8B}.Debug|Any CPU.ActiveCfg = Debug|Any CPU
		{7489212F-7841-484A-BD1D-621E406CAC8B}.Debug|Any CPU.Build.0 = Debug|Any CPU
		{7489212F-7841-484A-BD1D-621E406CAC8B}.Release|Any CPU.ActiveCfg = Release|Any CPU
		{7489212F-7841-484A-BD1D-621E406CAC8B}.Release|Any CPU.Build.0 = Release|Any CPU
	EndGlobalSection
	GlobalSection(SolutionProperties) = preSolution
		HideSolutionNode = FALSE
	EndGlobalSection
	GlobalSection(ExtensibilityGlobals) = postSolution
		SolutionGuid = {59CF8F24-6107-4143-BC8A-FD0243226403}
	EndGlobalSection
EndGlobal
